
Microsoft Visual Studio Solution File, Format Version 12.00
# Visual Studio Version 17
VisualStudioVersion = 17.0.31903.59
MinimumVisualStudioVersion = 10.0.40219.1
Project("{FAE04EC0-301F-11D3-BF4B-00C04F79EFBC}") = "SIExam", "SIExam\SIExam.csproj", "{F77E75F5-1334-4534-8F6D-18E0AE6E5F92}"
EndProject
Project("{2150E333-8FDC-42A3-9474-1A3956D46DE8}") = "SIExam", "SIExam", "{C8D2C1C3-2598-CE2B-DC47-C10D6F5D7E1D}"
EndProject
Project("{2150E333-8FDC-42A3-9474-1A3956D46DE8}") = "SkillService", "SkillService", "{439724E3-BFFF-8CC7-A935-3A0025EBC755}"
EndProject
Project("{FAE04EC0-301F-11D3-BF4B-00C04F79EFBC}") = "SkillService", "SIExam\SkillService\SkillService\SkillService.csproj", "{A4ECDA46-1B88-4231-A0D0-EA1284EF15B8}"
EndProject
Project("{FAE04EC0-301F-11D3-BF4B-00C04F79EFBC}") = "SkillService", "SIExam\SkillService\SkillService.csproj", "{8C60A150-2C3C-4195-81D8-2E6D1F0FECD5}"
EndProject
Project("{FAE04EC0-301F-11D3-BF4B-00C04F79EFBC}") = "StatusService", "SIExam\StatusService\StatusService.csproj", "{FCBBC298-4426-48A5-8DB7-797704F0F257}"
EndProject
Project("{FAE04EC0-301F-11D3-BF4B-00C04F79EFBC}") = "TitleService", "SIExam\TitleService\TitleService.csproj", "{29340069-AB8B-4145-9FF0-A1282D58BC99}"
EndProject
Project("{FAE04EC0-301F-11D3-BF4B-00C04F79EFBC}") = "TaskService", "SIExam\TaskService\TaskService.csproj", "{01D64A9E-4275-4885-B464-F5DC52CBA382}"
EndProject
Global
	GlobalSection(SolutionConfigurationPlatforms) = preSolution
		Debug|Any CPU = Debug|Any CPU
		Debug|x64 = Debug|x64
		Debug|x86 = Debug|x86
		Release|Any CPU = Release|Any CPU
		Release|x64 = Release|x64
		Release|x86 = Release|x86
	EndGlobalSection
	GlobalSection(ProjectConfigurationPlatforms) = postSolution
		{F77E75F5-1334-4534-8F6D-18E0AE6E5F92}.Debug|Any CPU.ActiveCfg = Debug|Any CPU
		{F77E75F5-1334-4534-8F6D-18E0AE6E5F92}.Debug|Any CPU.Build.0 = Debug|Any CPU
		{F77E75F5-1334-4534-8F6D-18E0AE6E5F92}.Debug|x64.ActiveCfg = Debug|Any CPU
		{F77E75F5-1334-4534-8F6D-18E0AE6E5F92}.Debug|x64.Build.0 = Debug|Any CPU
		{F77E75F5-1334-4534-8F6D-18E0AE6E5F92}.Debug|x86.ActiveCfg = Debug|Any CPU
		{F77E75F5-1334-4534-8F6D-18E0AE6E5F92}.Debug|x86.Build.0 = Debug|Any CPU
		{F77E75F5-1334-4534-8F6D-18E0AE6E5F92}.Release|Any CPU.ActiveCfg = Release|Any CPU
		{F77E75F5-1334-4534-8F6D-18E0AE6E5F92}.Release|Any CPU.Build.0 = Release|Any CPU
		{F77E75F5-1334-4534-8F6D-18E0AE6E5F92}.Release|x64.ActiveCfg = Release|Any CPU
		{F77E75F5-1334-4534-8F6D-18E0AE6E5F92}.Release|x64.Build.0 = Release|Any CPU
		{F77E75F5-1334-4534-8F6D-18E0AE6E5F92}.Release|x86.ActiveCfg = Release|Any CPU
		{F77E75F5-1334-4534-8F6D-18E0AE6E5F92}.Release|x86.Build.0 = Release|Any CPU
		{A4ECDA46-1B88-4231-A0D0-EA1284EF15B8}.Debug|Any CPU.ActiveCfg = Debug|Any CPU
		{A4ECDA46-1B88-4231-A0D0-EA1284EF15B8}.Debug|Any CPU.Build.0 = Debug|Any CPU
		{A4ECDA46-1B88-4231-A0D0-EA1284EF15B8}.Debug|x64.ActiveCfg = Debug|Any CPU
		{A4ECDA46-1B88-4231-A0D0-EA1284EF15B8}.Debug|x64.Build.0 = Debug|Any CPU
		{A4ECDA46-1B88-4231-A0D0-EA1284EF15B8}.Debug|x86.ActiveCfg = Debug|Any CPU
		{A4ECDA46-1B88-4231-A0D0-EA1284EF15B8}.Debug|x86.Build.0 = Debug|Any CPU
		{A4ECDA46-1B88-4231-A0D0-EA1284EF15B8}.Release|Any CPU.ActiveCfg = Release|Any CPU
		{A4ECDA46-1B88-4231-A0D0-EA1284EF15B8}.Release|Any CPU.Build.0 = Release|Any CPU
		{A4ECDA46-1B88-4231-A0D0-EA1284EF15B8}.Release|x64.ActiveCfg = Release|Any CPU
		{A4ECDA46-1B88-4231-A0D0-EA1284EF15B8}.Release|x64.Build.0 = Release|Any CPU
		{A4ECDA46-1B88-4231-A0D0-EA1284EF15B8}.Release|x86.ActiveCfg = Release|Any CPU
		{A4ECDA46-1B88-4231-A0D0-EA1284EF15B8}.Release|x86.Build.0 = Release|Any CPU
		{8C60A150-2C3C-4195-81D8-2E6D1F0FECD5}.Debug|Any CPU.ActiveCfg = Debug|Any CPU
		{8C60A150-2C3C-4195-81D8-2E6D1F0FECD5}.Debug|Any CPU.Build.0 = Debug|Any CPU
		{8C60A150-2C3C-4195-81D8-2E6D1F0FECD5}.Debug|x64.ActiveCfg = Debug|Any CPU
		{8C60A150-2C3C-4195-81D8-2E6D1F0FECD5}.Debug|x64.Build.0 = Debug|Any CPU
		{8C60A150-2C3C-4195-81D8-2E6D1F0FECD5}.Debug|x86.ActiveCfg = Debug|Any CPU
		{8C60A150-2C3C-4195-81D8-2E6D1F0FECD5}.Debug|x86.Build.0 = Debug|Any CPU
		{8C60A150-2C3C-4195-81D8-2E6D1F0FECD5}.Release|Any CPU.ActiveCfg = Release|Any CPU
		{8C60A150-2C3C-4195-81D8-2E6D1F0FECD5}.Release|Any CPU.Build.0 = Release|Any CPU
		{8C60A150-2C3C-4195-81D8-2E6D1F0FECD5}.Release|x64.ActiveCfg = Release|Any CPU
		{8C60A150-2C3C-4195-81D8-2E6D1F0FECD5}.Release|x64.Build.0 = Release|Any CPU
		{8C60A150-2C3C-4195-81D8-2E6D1F0FECD5}.Release|x86.ActiveCfg = Release|Any CPU
		{8C60A150-2C3C-4195-81D8-2E6D1F0FECD5}.Release|x86.Build.0 = Release|Any CPU
		{FCBBC298-4426-48A5-8DB7-797704F0F257}.Debug|Any CPU.ActiveCfg = Debug|Any CPU
		{FCBBC298-4426-48A5-8DB7-797704F0F257}.Debug|Any CPU.Build.0 = Debug|Any CPU
		{FCBBC298-4426-48A5-8DB7-797704F0F257}.Debug|x64.ActiveCfg = Debug|Any CPU
		{FCBBC298-4426-48A5-8DB7-797704F0F257}.Debug|x64.Build.0 = Debug|Any CPU
		{FCBBC298-4426-48A5-8DB7-797704F0F257}.Debug|x86.ActiveCfg = Debug|Any CPU
		{FCBBC298-4426-48A5-8DB7-797704F0F257}.Debug|x86.Build.0 = Debug|Any CPU
		{FCBBC298-4426-48A5-8DB7-797704F0F257}.Release|Any CPU.ActiveCfg = Release|Any CPU
		{FCBBC298-4426-48A5-8DB7-797704F0F257}.Release|Any CPU.Build.0 = Release|Any CPU
		{FCBBC298-4426-48A5-8DB7-797704F0F257}.Release|x64.ActiveCfg = Release|Any CPU
		{FCBBC298-4426-48A5-8DB7-797704F0F257}.Release|x64.Build.0 = Release|Any CPU
		{FCBBC298-4426-48A5-8DB7-797704F0F257}.Release|x86.ActiveCfg = Release|Any CPU
		{FCBBC298-4426-48A5-8DB7-797704F0F257}.Release|x86.Build.0 = Release|Any CPU
		{29340069-AB8B-4145-9FF0-A1282D58BC99}.Debug|Any CPU.ActiveCfg = Debug|Any CPU
		{29340069-AB8B-4145-9FF0-A1282D58BC99}.Debug|Any CPU.Build.0 = Debug|Any CPU
		{29340069-AB8B-4145-9FF0-A1282D58BC99}.Debug|x64.ActiveCfg = Debug|Any CPU
		{29340069-AB8B-4145-9FF0-A1282D58BC99}.Debug|x64.Build.0 = Debug|Any CPU
		{29340069-AB8B-4145-9FF0-A1282D58BC99}.Debug|x86.ActiveCfg = Debug|Any CPU
		{29340069-AB8B-4145-9FF0-A1282D58BC99}.Debug|x86.Build.0 = Debug|Any CPU
		{29340069-AB8B-4145-9FF0-A1282D58BC99}.Release|Any CPU.ActiveCfg = Release|Any CPU
		{29340069-AB8B-4145-9FF0-A1282D58BC99}.Release|Any CPU.Build.0 = Release|Any CPU
		{29340069-AB8B-4145-9FF0-A1282D58BC99}.Release|x64.ActiveCfg = Release|Any CPU
		{29340069-AB8B-4145-9FF0-A1282D58BC99}.Release|x64.Build.0 = Release|Any CPU
		{29340069-AB8B-4145-9FF0-A1282D58BC99}.Release|x86.ActiveCfg = Release|Any CPU
		{29340069-AB8B-4145-9FF0-A1282D58BC99}.Release|x86.Build.0 = Release|Any CPU
		{01D64A9E-4275-4885-B464-F5DC52CBA382}.Debug|Any CPU.ActiveCfg = Debug|Any CPU
		{01D64A9E-4275-4885-B464-F5DC52CBA382}.Debug|Any CPU.Build.0 = Debug|Any CPU
		{01D64A9E-4275-4885-B464-F5DC52CBA382}.Debug|x64.ActiveCfg = Debug|Any CPU
		{01D64A9E-4275-4885-B464-F5DC52CBA382}.Debug|x64.Build.0 = Debug|Any CPU
		{01D64A9E-4275-4885-B464-F5DC52CBA382}.Debug|x86.ActiveCfg = Debug|Any CPU
		{01D64A9E-4275-4885-B464-F5DC52CBA382}.Debug|x86.Build.0 = Debug|Any CPU
		{01D64A9E-4275-4885-B464-F5DC52CBA382}.Release|Any CPU.ActiveCfg = Release|Any CPU
		{01D64A9E-4275-4885-B464-F5DC52CBA382}.Release|Any CPU.Build.0 = Release|Any CPU
		{01D64A9E-4275-4885-B464-F5DC52CBA382}.Release|x64.ActiveCfg = Release|Any CPU
		{01D64A9E-4275-4885-B464-F5DC52CBA382}.Release|x64.Build.0 = Release|Any CPU
		{01D64A9E-4275-4885-B464-F5DC52CBA382}.Release|x86.ActiveCfg = Release|Any CPU
		{01D64A9E-4275-4885-B464-F5DC52CBA382}.Release|x86.Build.0 = Release|Any CPU
	EndGlobalSection
	GlobalSection(SolutionProperties) = preSolution
		HideSolutionNode = FALSE
	EndGlobalSection
	GlobalSection(NestedProjects) = preSolution
		{439724E3-BFFF-8CC7-A935-3A0025EBC755} = {C8D2C1C3-2598-CE2B-DC47-C10D6F5D7E1D}
		{A4ECDA46-1B88-4231-A0D0-EA1284EF15B8} = {439724E3-BFFF-8CC7-A935-3A0025EBC755}
		{8C60A150-2C3C-4195-81D8-2E6D1F0FECD5} = {C8D2C1C3-2598-CE2B-DC47-C10D6F5D7E1D}
		{FCBBC298-4426-48A5-8DB7-797704F0F257} = {C8D2C1C3-2598-CE2B-DC47-C10D6F5D7E1D}
		{29340069-AB8B-4145-9FF0-A1282D58BC99} = {C8D2C1C3-2598-CE2B-DC47-C10D6F5D7E1D}
		{01D64A9E-4275-4885-B464-F5DC52CBA382} = {C8D2C1C3-2598-CE2B-DC47-C10D6F5D7E1D}
	EndGlobalSection
EndGlobal
